
Microsoft Visual Studio Solution File, Format Version 12.00
# Visual Studio 15
VisualStudioVersion = 15.0.26430.12
MinimumVisualStudioVersion = 10.0.40219.1
Project("{2150E333-8FDC-42A3-9474-1A3956D46DE8}") = "EF6", "EF6", "{1FE8EDCC-2056-4A79-B189-2115AF82D108}"
EndProject
Project("{FAE04EC0-301F-11D3-BF4B-00C04F79EFBC}") = "UniRepository.Core", "UniRepository.Core\UniRepository.Core.csproj", "{1BA625FD-4747-498F-BB32-B373B47EF002}"
EndProject
Project("{FAE04EC0-301F-11D3-BF4B-00C04F79EFBC}") = "UniRepository.EF6", "UniRepository.EF6\UniRepository.EF6.csproj", "{8255FBAF-2600-4A81-BCAE-DEF8A1460D7A}"
EndProject
Project("{FAE04EC0-301F-11D3-BF4B-00C04F79EFBC}") = "UniRepository.EF6.Tests", "UniRepository.EF6.Tests\UniRepository.EF6.Tests.csproj", "{CF9B9796-514B-4673-A582-0AFEA946B185}"
EndProject
Global
	GlobalSection(SolutionConfigurationPlatforms) = preSolution
		Debug|Any CPU = Debug|Any CPU
		Release|Any CPU = Release|Any CPU
	EndGlobalSection
	GlobalSection(ProjectConfigurationPlatforms) = postSolution
		{1BA625FD-4747-498F-BB32-B373B47EF002}.Debug|Any CPU.ActiveCfg = Debug|Any CPU
		{1BA625FD-4747-498F-BB32-B373B47EF002}.Debug|Any CPU.Build.0 = Debug|Any CPU
		{1BA625FD-4747-498F-BB32-B373B47EF002}.Release|Any CPU.ActiveCfg = Release|Any CPU
		{1BA625FD-4747-498F-BB32-B373B47EF002}.Release|Any CPU.Build.0 = Release|Any CPU
		{8255FBAF-2600-4A81-BCAE-DEF8A1460D7A}.Debug|Any CPU.ActiveCfg = Debug|Any CPU
		{8255FBAF-2600-4A81-BCAE-DEF8A1460D7A}.Debug|Any CPU.Build.0 = Debug|Any CPU
		{8255FBAF-2600-4A81-BCAE-DEF8A1460D7A}.Release|Any CPU.ActiveCfg = Release|Any CPU
		{8255FBAF-2600-4A81-BCAE-DEF8A1460D7A}.Release|Any CPU.Build.0 = Release|Any CPU
		{CF9B9796-514B-4673-A582-0AFEA946B185}.Debug|Any CPU.ActiveCfg = Debug|Any CPU
		{CF9B9796-514B-4673-A582-0AFEA946B185}.Debug|Any CPU.Build.0 = Debug|Any CPU
		{CF9B9796-514B-4673-A582-0AFEA946B185}.Release|Any CPU.ActiveCfg = Release|Any CPU
		{CF9B9796-514B-4673-A582-0AFEA946B185}.Release|Any CPU.Build.0 = Release|Any CPU
	EndGlobalSection
	GlobalSection(SolutionProperties) = preSolution
		HideSolutionNode = FALSE
	EndGlobalSection
	GlobalSection(NestedProjects) = preSolution
		{8255FBAF-2600-4A81-BCAE-DEF8A1460D7A} = {1FE8EDCC-2056-4A79-B189-2115AF82D108}
		{CF9B9796-514B-4673-A582-0AFEA946B185} = {1FE8EDCC-2056-4A79-B189-2115AF82D108}
	EndGlobalSection
EndGlobal
